<?xml version="1.0" encoding="UTF-8" standalone="yes" ?>
<CodeBlocks_project_file>
	<FileVersion major="1" minor="6" />
	<Project>
		<Option title="ICT283_AssignmentOne_3394804_ChanKokWai" />
		<Option pch_mode="2" />
		<Option compiler="gcc" />
		<Build>
			<Target title="Debug">
				<Option output="bin/Debug/ICT283_AssignmentOne_3394804_ChanKokWai" prefix_auto="1" extension_auto="1" />
				<Option object_output="obj/Debug/" />
				<Option type="1" />
				<Option compiler="gcc" />
				<Compiler>
					<Add option="-g" />
				</Compiler>
			</Target>
			<Target title="Release">
				<Option output="bin/Release/ICT283_AssignmentOne_3394804_ChanKokWai" prefix_auto="1" extension_auto="1" />
				<Option object_output="obj/Release/" />
				<Option type="1" />
				<Option compiler="gcc" />
				<Compiler>
					<Add option="-O2" />
				</Compiler>
				<Linker>
					<Add option="-s" />
				</Linker>
			</Target>
		</Build>
		<Compiler>
			<Add option="-Wall" />
		</Compiler>
		<Unit filename="Date.cpp" />
		<Unit filename="Date.h">
			<Option target="&lt;{~None~}&gt;" />
		</Unit>
		<Unit filename="DateTest.cpp">
			<Option compile="0" />
			<Option link="0" />
		</Unit>
		<Unit filename="Main.cpp" />
		<Unit filename="Measurement.cpp" />
		<Unit filename="Measurement.h">
			<Option target="&lt;{~None~}&gt;" />
		</Unit>
		<Unit filename="MeasurementTest.cpp">
			<Option compile="0" />
			<Option link="0" />
		</Unit>
		<Unit filename="SolarRadiation.cpp" />
		<Unit filename="SolarRadiation.h">
			<Option target="&lt;{~None~}&gt;" />
		</Unit>
		<Unit filename="Temperature.cpp" />
		<Unit filename="Temperature.h">
			<Option target="&lt;{~None~}&gt;" />
		</Unit>
		<Unit filename="TemperatureTest.cpp">
			<Option compile="0" />
			<Option link="0" />
		</Unit>
		<Unit filename="Time.cpp" />
		<Unit filename="Time.h">
			<Option target="&lt;{~None~}&gt;" />
		</Unit>
		<Unit filename="TimeTest.cpp">
			<Option compile="0" />
			<Option link="0" />
		</Unit>
		<Unit filename="Vector.h">
			<Option target="&lt;{~None~}&gt;" />
		</Unit>
		<Unit filename="WindRecType.cpp" />
		<Unit filename="WindRecType.h">
			<Option target="&lt;{~None~}&gt;" />
		</Unit>
		<Unit filename="WindRecTypeTest.cpp">
			<Option compile="0" />
			<Option link="0" />
		</Unit>
		<Unit filename="WindSpeed.cpp" />
		<Unit filename="WindSpeed.h">
			<Option target="&lt;{~None~}&gt;" />
		</Unit>
		<Unit filename="WindSpeedTest.cpp">
			<Option compile="0" />
			<Option link="0" />
		</Unit>
		<Extensions>
			<code_completion />
			<envvars />
			<debugger />
			<lib_finder disable_auto="1" />
		</Extensions>
	</Project>
</CodeBlocks_project_file>
